
Microsoft Visual Studio Solution File, Format Version 12.00
# Visual Studio Version 17
VisualStudioVersion = 17.0.31919.166
MinimumVisualStudioVersion = 10.0.40219.1
Project("{9A19103F-16F7-4668-BE54-9A1E7A4F7556}") = "stage1New", "stage1New\stage1New.csproj", "{E3E86F42-B522-4152-94F2-5FDCE2D55560}"
EndProject
Project("{9A19103F-16F7-4668-BE54-9A1E7A4F7556}") = "dalfacade", "dalfacade\dalfacade.csproj", "{61FD62E9-B2B7-4D27-845F-9D02EC54E920}"
EndProject
Project("{9A19103F-16F7-4668-BE54-9A1E7A4F7556}") = "dalList", "dalList\dalList.csproj", "{94E1E147-112B-4E8F-9A6F-618E44864439}"
EndProject
Project("{9A19103F-16F7-4668-BE54-9A1E7A4F7556}") = "dalTest", "dalTest\dalTest.csproj", "{057BA5E0-A24D-4464-8929-BD999D172ED4}"
EndProject
Project("{9A19103F-16F7-4668-BE54-9A1E7A4F7556}") = "BL", "BL\BL.csproj", "{483279D3-A0AD-47E9-8076-C4DB1069DD8E}"
EndProject
Project("{9A19103F-16F7-4668-BE54-9A1E7A4F7556}") = "BlTest", "BlTest\BlTest.csproj", "{3BA174F3-9185-4CDA-8C86-C5DCC0F45BDA}"
EndProject
Project("{9A19103F-16F7-4668-BE54-9A1E7A4F7556}") = "PL", "WpfApp1\PL.csproj", "{31D2D5E1-4DDC-4450-8E78-5CDECB30E184}"
EndProject
Project("{2150E333-8FDC-42A3-9474-1A3956D46DE8}") = "xml", "xml", "{344D943A-80C4-40D0-B9CD-E4EE8DA110D7}"
	ProjectSection(SolutionItems) = preProject
		xml\dal-config.xml = xml\dal-config.xml
	EndProjectSection
EndProject
Global
	GlobalSection(SolutionConfigurationPlatforms) = preSolution
		Debug|Any CPU = Debug|Any CPU
		Release|Any CPU = Release|Any CPU
	EndGlobalSection
	GlobalSection(ProjectConfigurationPlatforms) = postSolution
		{E3E86F42-B522-4152-94F2-5FDCE2D55560}.Debug|Any CPU.ActiveCfg = Debug|Any CPU
		{E3E86F42-B522-4152-94F2-5FDCE2D55560}.Debug|Any CPU.Build.0 = Debug|Any CPU
		{E3E86F42-B522-4152-94F2-5FDCE2D55560}.Release|Any CPU.ActiveCfg = Release|Any CPU
		{E3E86F42-B522-4152-94F2-5FDCE2D55560}.Release|Any CPU.Build.0 = Release|Any CPU
		{61FD62E9-B2B7-4D27-845F-9D02EC54E920}.Debug|Any CPU.ActiveCfg = Debug|Any CPU
		{61FD62E9-B2B7-4D27-845F-9D02EC54E920}.Debug|Any CPU.Build.0 = Debug|Any CPU
		{61FD62E9-B2B7-4D27-845F-9D02EC54E920}.Release|Any CPU.ActiveCfg = Release|Any CPU
		{61FD62E9-B2B7-4D27-845F-9D02EC54E920}.Release|Any CPU.Build.0 = Release|Any CPU
		{94E1E147-112B-4E8F-9A6F-618E44864439}.Debug|Any CPU.ActiveCfg = Debug|Any CPU
		{94E1E147-112B-4E8F-9A6F-618E44864439}.Debug|Any CPU.Build.0 = Debug|Any CPU
		{94E1E147-112B-4E8F-9A6F-618E44864439}.Release|Any CPU.ActiveCfg = Release|Any CPU
		{94E1E147-112B-4E8F-9A6F-618E44864439}.Release|Any CPU.Build.0 = Release|Any CPU
		{057BA5E0-A24D-4464-8929-BD999D172ED4}.Debug|Any CPU.ActiveCfg = Debug|Any CPU
		{057BA5E0-A24D-4464-8929-BD999D172ED4}.Debug|Any CPU.Build.0 = Debug|Any CPU
		{057BA5E0-A24D-4464-8929-BD999D172ED4}.Release|Any CPU.ActiveCfg = Release|Any CPU
		{057BA5E0-A24D-4464-8929-BD999D172ED4}.Release|Any CPU.Build.0 = Release|Any CPU
		{483279D3-A0AD-47E9-8076-C4DB1069DD8E}.Debug|Any CPU.ActiveCfg = Debug|Any CPU
		{483279D3-A0AD-47E9-8076-C4DB1069DD8E}.Debug|Any CPU.Build.0 = Debug|Any CPU
		{483279D3-A0AD-47E9-8076-C4DB1069DD8E}.Release|Any CPU.ActiveCfg = Release|Any CPU
		{483279D3-A0AD-47E9-8076-C4DB1069DD8E}.Release|Any CPU.Build.0 = Release|Any CPU
		{3BA174F3-9185-4CDA-8C86-C5DCC0F45BDA}.Debug|Any CPU.ActiveCfg = Debug|Any CPU
		{3BA174F3-9185-4CDA-8C86-C5DCC0F45BDA}.Debug|Any CPU.Build.0 = Debug|Any CPU
		{3BA174F3-9185-4CDA-8C86-C5DCC0F45BDA}.Release|Any CPU.ActiveCfg = Release|Any CPU
		{3BA174F3-9185-4CDA-8C86-C5DCC0F45BDA}.Release|Any CPU.Build.0 = Release|Any CPU
		{31D2D5E1-4DDC-4450-8E78-5CDECB30E184}.Debug|Any CPU.ActiveCfg = Debug|Any CPU
		{31D2D5E1-4DDC-4450-8E78-5CDECB30E184}.Debug|Any CPU.Build.0 = Debug|Any CPU
		{31D2D5E1-4DDC-4450-8E78-5CDECB30E184}.Release|Any CPU.ActiveCfg = Release|Any CPU
		{31D2D5E1-4DDC-4450-8E78-5CDECB30E184}.Release|Any CPU.Build.0 = Release|Any CPU
	EndGlobalSection
	GlobalSection(SolutionProperties) = preSolution
		HideSolutionNode = FALSE
	EndGlobalSection
	GlobalSection(ExtensibilityGlobals) = postSolution
		SolutionGuid = {DC51FAD2-5C58-4F2C-A4AB-20FF950B414D}
	EndGlobalSection
EndGlobal
