
Microsoft Visual Studio Solution File, Format Version 12.00
# Visual Studio Version 17
VisualStudioVersion = 17.1.32319.34
MinimumVisualStudioVersion = 10.0.40219.1
Project("{FAE04EC0-301F-11D3-BF4B-00C04F79EFBC}") = "DalFacade", "DalFacade\DalFacade.csproj", "{A45E4C37-5F52-4220-91A1-857460054758}"
EndProject
Project("{FAE04EC0-301F-11D3-BF4B-00C04F79EFBC}") = "DalList", "..\DalList\DalList.csproj", "{52C91D5C-7337-4AC5-8837-542B62A3A7D6}"
EndProject
Project("{FAE04EC0-301F-11D3-BF4B-00C04F79EFBC}") = "DalTest", "..\DalTest\DalTest.csproj", "{5642816E-BC00-425B-85CD-49CD5061BB12}"
EndProject
Global
	GlobalSection(SolutionConfigurationPlatforms) = preSolution
		Debug|Any CPU = Debug|Any CPU
		Release|Any CPU = Release|Any CPU
	EndGlobalSection
	GlobalSection(ProjectConfigurationPlatforms) = postSolution
		{A45E4C37-5F52-4220-91A1-857460054758}.Debug|Any CPU.ActiveCfg = Debug|Any CPU
		{A45E4C37-5F52-4220-91A1-857460054758}.Debug|Any CPU.Build.0 = Debug|Any CPU
		{A45E4C37-5F52-4220-91A1-857460054758}.Release|Any CPU.ActiveCfg = Release|Any CPU
		{A45E4C37-5F52-4220-91A1-857460054758}.Release|Any CPU.Build.0 = Release|Any CPU
		{52C91D5C-7337-4AC5-8837-542B62A3A7D6}.Debug|Any CPU.ActiveCfg = Debug|Any CPU
		{52C91D5C-7337-4AC5-8837-542B62A3A7D6}.Debug|Any CPU.Build.0 = Debug|Any CPU
		{52C91D5C-7337-4AC5-8837-542B62A3A7D6}.Release|Any CPU.ActiveCfg = Release|Any CPU
		{52C91D5C-7337-4AC5-8837-542B62A3A7D6}.Release|Any CPU.Build.0 = Release|Any CPU
		{5642816E-BC00-425B-85CD-49CD5061BB12}.Debug|Any CPU.ActiveCfg = Debug|Any CPU
		{5642816E-BC00-425B-85CD-49CD5061BB12}.Debug|Any CPU.Build.0 = Debug|Any CPU
		{5642816E-BC00-425B-85CD-49CD5061BB12}.Release|Any CPU.ActiveCfg = Release|Any CPU
		{5642816E-BC00-425B-85CD-49CD5061BB12}.Release|Any CPU.Build.0 = Release|Any CPU
	EndGlobalSection
	GlobalSection(SolutionProperties) = preSolution
		HideSolutionNode = FALSE
	EndGlobalSection
	GlobalSection(ExtensibilityGlobals) = postSolution
		SolutionGuid = {F3302474-B080-4720-95E2-EB68D609CC18}
	EndGlobalSection
EndGlobal
